
Microsoft Visual Studio Solution File, Format Version 12.00
# Visual Studio Version 17
VisualStudioVersion = 17.5.33414.496
MinimumVisualStudioVersion = 10.0.40219.1
Project("{FAE04EC0-301F-11D3-BF4B-00C04F79EFBC}") = "modul8_1302213007", "modul8_1302213007\modul8_1302213007.csproj", "{E6E79139-257A-47F0-B1B8-FA6AB73FB997}"
EndProject
Global
	GlobalSection(SolutionConfigurationPlatforms) = preSolution
		Debug|Any CPU = Debug|Any CPU
		Release|Any CPU = Release|Any CPU
	EndGlobalSection
	GlobalSection(ProjectConfigurationPlatforms) = postSolution
		{E6E79139-257A-47F0-B1B8-FA6AB73FB997}.Debug|Any CPU.ActiveCfg = Debug|Any CPU
		{E6E79139-257A-47F0-B1B8-FA6AB73FB997}.Debug|Any CPU.Build.0 = Debug|Any CPU
		{E6E79139-257A-47F0-B1B8-FA6AB73FB997}.Release|Any CPU.ActiveCfg = Release|Any CPU
		{E6E79139-257A-47F0-B1B8-FA6AB73FB997}.Release|Any CPU.Build.0 = Release|Any CPU
	EndGlobalSection
	GlobalSection(SolutionProperties) = preSolution
		HideSolutionNode = FALSE
	EndGlobalSection
	GlobalSection(ExtensibilityGlobals) = postSolution
		SolutionGuid = {92DAD3A2-6AA8-4844-89A4-36728794A473}
	EndGlobalSection
EndGlobal
